# This file is generated by running "yarn install" inside your project.
# Manual changes might be lost - proceed with caution!

__metadata:
  version: 8
  cacheKey: 10c0

"@aws-cdk/asset-awscli-v1@npm:^2.2.202":
  version: 2.2.202
  resolution: "@aws-cdk/asset-awscli-v1@npm:2.2.202"
  checksum: 10c0/3702ae0c6d57094a9f8f7fc86af2cf98d128c601ee2b8e14f72bf6b869e5b54df6448014f2d88c2fdff1258a182e28d735c9b0a807180e1eaa62367f93051bd4
  languageName: node
  linkType: hard

"@aws-cdk/asset-kubectl-v20@npm:^2.1.2":
  version: 2.1.2
  resolution: "@aws-cdk/asset-kubectl-v20@npm:2.1.2"
  checksum: 10c0/491883ada4b62f89e48e3d45d776b72d30cbb2d87e0802424164343c81723b23dd77044ab3cb02a7ecad9960622dc264f9f716d2ec830404482117ee63f8bb2d
  languageName: node
  linkType: hard

"@aws-cdk/asset-node-proxy-agent-v6@npm:^2.0.3":
  version: 2.0.3
  resolution: "@aws-cdk/asset-node-proxy-agent-v6@npm:2.0.3"
  checksum: 10c0/fa83c50bff30c5edb70b97314e68bc75362c1e541484b4f39c962e3f742f342ea11278a01606aaeca5b5257c582f108267f44675a452b8ea8a0348c715ad031b
  languageName: node
  linkType: hard

"@balena/dockerignore@npm:^1.0.2":
  version: 1.0.2
  resolution: "@balena/dockerignore@npm:1.0.2"
  checksum: 10c0/0bcb067e86f6734ab943ce4ce9a7c8611f2e983a70bccebf9d2309db57695c09dded7faf5be49c929c4c9e9a9174ae55fc625626de0fb9958823c37423d12f4e
  languageName: node
  linkType: hard

"@types/node@npm:20.16.1":
  version: 20.16.1
  resolution: "@types/node@npm:20.16.1"
  dependencies:
    undici-types: "npm:~6.19.2"
  checksum: 10c0/cac13c0f42467df3254805a671ca9e74a6eb7c41568de972e26b10dcc448a45743aaf00e9e5fce4a9214da5bc8444fe902918e105dac5a224e24e83fd9989a97
  languageName: node
  linkType: hard

"@types/node@npm:22.4.1":
  version: 22.4.1
  resolution: "@types/node@npm:22.4.1"
  dependencies:
    undici-types: "npm:~6.19.2"
  checksum: 10c0/e42607438fcbd3a6aebd09084868fa0b22a4b0daf9eda79ed615df7ff8ae95e35ea56e090e1f3140ebae76b640abe42d4a6d5b60c0819eadf499adca737305b6
  languageName: node
  linkType: hard

"ajv@npm:^8.0.1":
  version: 8.17.1
  resolution: "ajv@npm:8.17.1"
  dependencies:
    fast-deep-equal: "npm:^3.1.3"
    fast-uri: "npm:^3.0.1"
    json-schema-traverse: "npm:^1.0.0"
    require-from-string: "npm:^2.0.2"
  checksum: 10c0/ec3ba10a573c6b60f94639ffc53526275917a2df6810e4ab5a6b959d87459f9ef3f00d5e7865b82677cb7d21590355b34da14d1d0b9c32d75f95a187e76fff35
  languageName: node
  linkType: hard

"ansi-regex@npm:^5.0.1":
  version: 5.0.1
  resolution: "ansi-regex@npm:5.0.1"
  checksum: 10c0/9a64bb8627b434ba9327b60c027742e5d17ac69277960d041898596271d992d4d52ba7267a63ca10232e29f6107fc8a835f6ce8d719b88c5f8493f8254813737
  languageName: node
  linkType: hard

"ansi-styles@npm:^4.0.0":
  version: 4.3.0
  resolution: "ansi-styles@npm:4.3.0"
  dependencies:
    color-convert: "npm:^2.0.1"
  checksum: 10c0/895a23929da416f2bd3de7e9cb4eabd340949328ab85ddd6e484a637d8f6820d485f53933446f5291c3b760cbc488beb8e88573dd0f9c7daf83dccc8fe81b041
  languageName: node
  linkType: hard

"astral-regex@npm:^2.0.0":
  version: 2.0.0
  resolution: "astral-regex@npm:2.0.0"
  checksum: 10c0/f63d439cc383db1b9c5c6080d1e240bd14dae745f15d11ec5da863e182bbeca70df6c8191cffef5deba0b566ef98834610a68be79ac6379c95eeb26e1b310e25
  languageName: node
  linkType: hard

"aws-cdk-lib@npm:2.152.0":
  version: 2.152.0
  resolution: "aws-cdk-lib@npm:2.152.0"
  dependencies:
    "@aws-cdk/asset-awscli-v1": "npm:^2.2.202"
    "@aws-cdk/asset-kubectl-v20": "npm:^2.1.2"
    "@aws-cdk/asset-node-proxy-agent-v6": "npm:^2.0.3"
    "@balena/dockerignore": "npm:^1.0.2"
    case: "npm:1.6.3"
    fs-extra: "npm:^11.2.0"
    ignore: "npm:^5.3.1"
    jsonschema: "npm:^1.4.1"
    mime-types: "npm:^2.1.35"
    minimatch: "npm:^3.1.2"
    punycode: "npm:^2.3.1"
    semver: "npm:^7.6.2"
    table: "npm:^6.8.2"
    yaml: "npm:1.10.2"
  peerDependencies:
    constructs: ^10.0.0
  checksum: 10c0/96f5fe99062bbbfeaab06698fe7dd7b1a78fac84725bcbcd4756c2c9754604c7618ab5cda4cb39881ffe8402626e2c35aefb6912202eb94b8b6a979d1aa1edaa
  languageName: node
  linkType: hard

"aws-cdk@npm:2.1139.0":
  version: 2.1139.0
  resolution: "aws-cdk@npm:2.1139.0"
  bin:
    cdk: bin/cdk
  checksum: 10c0/1356459f0563f3a9a1b998ec17e315b070c3823c419be4067e4f8125dd34d84c2674aacff0ce484f49bbd09f85b4093f198df49f32c60cc9e570fd3070748150
  languageName: node
  linkType: hard

"balanced-match@npm:^1.0.0":
  version: 1.0.2
  resolution: "balanced-match@npm:1.0.2"
  checksum: 10c0/9308baf0a7e4838a82bbfd11e01b1cb0f0cf2893bc1676c27c2a8c0e70cbae1c59120c3268517a8ae7fb6376b4639ef81ca22582611dbee4ed28df945134aaee
  languageName: node
  linkType: hard

"brace-expansion@npm:^1.1.7":
  version: 1.1.11
  resolution: "brace-expansion@npm:1.1.11"
  dependencies:
    balanced-match: "npm:^1.0.0"
    concat-map: "npm:0.0.1"
  checksum: 10c0/695a56cd058096a7cb71fb09d9d6a7070113c7be516699ed361317aca2ec169f618e28b8af352e02ab4233fb54eb0168460a40dc320bab0034b36ab59aaad668
  languageName: node
  linkType: hard

"case@npm:1.6.3":
  version: 1.6.3
  resolution: "case@npm:1.6.3"
  checksum: 10c0/43fcbb1dff1c4add94dd2bc98bd923d6616f10bff6959adf686d192c3db7d7ced35410761e1ac94cc4a1f5c41c86406ad79d390805539e421e8a77e553f67223
  languageName: node
  linkType: hard

"cdk-constructs@workspace:^, cdk-constructs@workspace:libs/cdk-constructs":
  version: 0.0.0-use.local
  resolution: "cdk-constructs@workspace:libs/cdk-constructs"
  dependencies:
    "@types/node": "npm:22.4.1"
    aws-cdk-lib: "npm:2.152.0"
    constructs: "npm:10.3.0"
    typescript: "npm:5.5.4"
  languageName: unknown
  linkType: soft

"color-convert@npm:^2.0.1":
  version: 2.0.1
  resolution: "color-convert@npm:2.0.1"
  dependencies:
    color-name: "npm:~1.1.4"
  checksum: 10c0/37e1150172f2e311fe1b2df62c6293a342ee7380da7b9cfdba67ea539909afbd74da27033208d01d6d5cfc65ee7868a22e18d7e7648e004425441c0f8a15a7d7
  languageName: node
  linkType: hard

"color-name@npm:~1.1.4":
  version: 1.1.4
  resolution: "color-name@npm:1.1.4"
  checksum: 10c0/a1a3f914156960902f46f7f56bc62effc6c94e84b2cae157a526b1c1f74b677a47ec602bf68a61abfa2b42d15b7c5651c6dbe72a43af720bc588dff885b10f95
  languageName: node
  linkType: hard

"concat-map@npm:0.0.1":
  version: 0.0.1
  resolution: "concat-map@npm:0.0.1"
  checksum: 10c0/c996b1cfdf95b6c90fee4dae37e332c8b6eb7d106430c17d538034c0ad9a1630cb194d2ab37293b1bdd4d779494beee7786d586a50bd9376fd6f7bcc2bd4c98f
  languageName: node
  linkType: hard

"constructs@npm:10.3.0":
  version: 10.3.0
  resolution: "constructs@npm:10.3.0"
  checksum: 10c0/be93ff934f28f2226a674dc18cd608dc7543e2cd6e17e4fbbb55faf80a5ab30b5346bdb18f266ea9b9192438debaafa0b65cad09d67a33a9f84fd8919200ee79
  languageName: node
  linkType: hard

"dmarc-monitor@workspace:.":
  version: 0.0.0-use.local
  resolution: "dmarc-monitor@workspace:."
  languageName: unknown
  linkType: soft

"emoji-regex@npm:^8.0.0":
  version: 8.0.0
  resolution: "emoji-regex@npm:8.0.0"
  checksum: 10c0/b6053ad39951c4cf338f9092d7bfba448cdfd46fe6a2a034700b149ac9ffbc137e361cbd3c442297f86bed2e5f7576c1b54cc0a6bf8ef5106cc62f496af35010
  languageName: node
  linkType: hard

"fast-deep-equal@npm:^3.1.3":
  version: 3.1.3
  resolution: "fast-deep-equal@npm:3.1.3"
  checksum: 10c0/40dedc862eb8992c54579c66d914635afbec43350afbbe991235fdcb4e3a8d5af1b23ae7e79bef7d4882d0ecee06c3197488026998fb19f72dc95acff1d1b1d0
  languageName: node
  linkType: hard

"fast-uri@npm:^3.0.1":
  version: 3.0.1
  resolution: "fast-uri@npm:3.0.1"
  checksum: 10c0/3cd46d6006083b14ca61ffe9a05b8eef75ef87e9574b6f68f2e17ecf4daa7aaadeff44e3f0f7a0ef4e0f7e7c20fc07beec49ff14dc72d0b500f00386592f2d10
  languageName: node
  linkType: hard

"fs-extra@npm:^11.2.0":
  version: 11.2.0
  resolution: "fs-extra@npm:11.2.0"
  dependencies:
    graceful-fs: "npm:^4.2.0"
    jsonfile: "npm:^6.0.1"
    universalify: "npm:^2.0.0"
  checksum: 10c0/d77a9a9efe60532d2e790e938c81a02c1b24904ef7a3efb3990b835514465ba720e99a6ea56fd5e2db53b4695319b644d76d5a0e9988a2beef80aa7b1da63398
  languageName: node
  linkType: hard

"graceful-fs@npm:^4.1.6, graceful-fs@npm:^4.2.0":
  version: 4.2.11
  resolution: "graceful-fs@npm:4.2.11"
  checksum: 10c0/386d011a553e02bc594ac2ca0bd6d9e4c22d7fa8cfbfc448a6d148c59ea881b092db9dbe3547ae4b88e55f1b01f7c4a2ecc53b310c042793e63aa44cf6c257f2
  languageName: node
  linkType: hard

"ignore@npm:^5.3.1":
  version: 5.3.1
  resolution: "ignore@npm:5.3.1"
  checksum: 10c0/703f7f45ffb2a27fb2c5a8db0c32e7dee66b33a225d28e8db4e1be6474795f606686a6e3bcc50e1aa12f2042db4c9d4a7d60af3250511de74620fbed052ea4cd
  languageName: node
  linkType: hard

"ingest-service-infra@workspace:services/ingest-service/infra":
  version: 0.0.0-use.local
  resolution: "ingest-service-infra@workspace:services/ingest-service/infra"
  dependencies:
    "@types/node": "npm:20.16.1"
    aws-cdk: "npm:2.1139.0"
    aws-cdk-lib: "npm:2.152.0"
    cdk-constructs: "workspace:^"
    constructs: "npm:10.3.0"
  languageName: unknown
  linkType: soft

"is-fullwidth-code-point@npm:^3.0.0":
  version: 3.0.0
  resolution: "is-fullwidth-code-point@npm:3.0.0"
  checksum: 10c0/bb11d825e049f38e04c06373a8d72782eee0205bda9d908cc550ccb3c59b99d750ff9537982e01733c1c94a58e35400661f57042158ff5e8f3e90cf936daf0fc
  languageName: node
  linkType: hard

"json-schema-traverse@npm:^1.0.0":
  version: 1.0.0
  resolution: "json-schema-traverse@npm:1.0.0"
  checksum: 10c0/71e30015d7f3d6dc1c316d6298047c8ef98a06d31ad064919976583eb61e1018a60a0067338f0f79cabc00d84af3fcc489bd48ce8a46ea165d9541ba17fb30c6
  languageName: node
  linkType: hard

"jsonfile@npm:^6.0.1":
  version: 6.1.0
  resolution: "jsonfile@npm:6.1.0"
  dependencies:
    graceful-fs: "npm:^4.1.6"
    universalify: "npm:^2.0.0"
  dependenciesMeta:
    graceful-fs:
      optional: true
  checksum: 10c0/4f95b5e8a5622b1e9e8f33c96b7ef3158122f595998114d1e7f03985649ea99cb3cd99ce1ed1831ae94c8c8543ab45ebd044207612f31a56fd08462140e46865
  languageName: node
  linkType: hard

"jsonschema@npm:^1.4.1":
  version: 1.4.1
  resolution: "jsonschema@npm:1.4.1"
  checksum: 10c0/c3422d3fc7d33ff7234a806ffa909bb6fb5d1cd664bea229c64a1785dc04cbccd5fc76cf547c6ab6dd7881dbcaf3540a6a9f925a5956c61a9cd3e23a3c1796ef
  languageName: node
  linkType: hard

"lodash.truncate@npm:^4.4.2":
  version: 4.4.2
  resolution: "lodash.truncate@npm:4.4.2"
  checksum: 10c0/4e870d54e8a6c86c8687e057cec4069d2e941446ccab7f40b4d9555fa5872d917d0b6aa73bece7765500a3123f1723bcdba9ae881b679ef120bba9e1a0b0ed70
  languageName: node
  linkType: hard

"mime-db@npm:1.52.0":
  version: 1.52.0
  resolution: "mime-db@npm:1.52.0"
  checksum: 10c0/0557a01deebf45ac5f5777fe7740b2a5c309c6d62d40ceab4e23da9f821899ce7a900b7ac8157d4548ddbb7beffe9abc621250e6d182b0397ec7f10c7b91a5aa
  languageName: node
  linkType: hard

"mime-types@npm:^2.1.35":
  version: 2.1.35
  resolution: "mime-types@npm:2.1.35"
  dependencies:
    mime-db: "npm:1.52.0"
  checksum: 10c0/82fb07ec56d8ff1fc999a84f2f217aa46cb6ed1033fefaabd5785b9a974ed225c90dc72fff460259e66b95b73648596dbcc50d51ed69cdf464af2d237d3149b2
  languageName: node
  linkType: hard

"minimatch@npm:^3.1.2":
  version: 3.1.2
  resolution: "minimatch@npm:3.1.2"
  dependencies:
    brace-expansion: "npm:^1.1.7"
  checksum: 10c0/0262810a8fc2e72cca45d6fd86bd349eee435eb95ac6aa45c9ea2180e7ee875ef44c32b55b5973ceabe95ea12682f6e3725cbb63d7a2d1da3ae1163c8b210311
  languageName: node
  linkType: hard

"punycode@npm:^2.3.1":
  version: 2.3.1
  resolution: "punycode@npm:2.3.1"
  checksum: 10c0/14f76a8206bc3464f794fb2e3d3cc665ae416c01893ad7a02b23766eb07159144ee612ad67af5e84fa4479ccfe67678c4feb126b0485651b302babf66f04f9e9
  languageName: node
  linkType: hard

"require-from-string@npm:^2.0.2":
  version: 2.0.2
  resolution: "require-from-string@npm:2.0.2"
  checksum: 10c0/aaa267e0c5b022fc5fd4eef49d8285086b15f2a1c54b28240fdf03599cbd9c26049fee3eab894f2e1f6ca65e513b030a7c264201e3f005601e80c49fb2937ce2
  languageName: node
  linkType: hard

"semver@npm:^7.6.2":
  version: 7.6.3
  resolution: "semver@npm:7.6.3"
  bin:
    semver: bin/semver.js
  checksum: 10c0/88f33e148b210c153873cb08cfe1e281d518aaa9a666d4d148add6560db5cd3c582f3a08ccb91f38d5f379ead256da9931234ed122057f40bb5766e65e58adaf
  languageName: node
  linkType: hard

"slice-ansi@npm:^4.0.0":
  version: 4.0.0
  resolution: "slice-ansi@npm:4.0.0"
  dependencies:
    ansi-styles: "npm:^4.0.0"
    astral-regex: "npm:^2.0.0"
    is-fullwidth-code-point: "npm:^3.0.0"
  checksum: 10c0/6c25678db1270d4793e0327620f1e0f9f5bea4630123f51e9e399191bc52c87d6e6de53ed33538609e5eacbd1fab769fae00f3705d08d029f02102a540648918
  languageName: node
  linkType: hard

"string-width@npm:^4.2.3":
  version: 4.2.3
  resolution: "string-width@npm:4.2.3"
  dependencies:
    emoji-regex: "npm:^8.0.0"
    is-fullwidth-code-point: "npm:^3.0.0"
    strip-ansi: "npm:^6.0.1"
  checksum: 10c0/1e525e92e5eae0afd7454086eed9c818ee84374bb80328fc41217ae72ff5f065ef1c9d7f72da41de40c75fa8bb3dee63d92373fd492c84260a552c636392a47b
  languageName: node
  linkType: hard

"strip-ansi@npm:^6.0.1":
  version: 6.0.1
  resolution: "strip-ansi@npm:6.0.1"
  dependencies:
    ansi-regex: "npm:^5.0.1"
  checksum: 10c0/1ae5f212a126fe5b167707f716942490e3933085a5ff6c008ab97ab2f272c8025d3aa218b7bd6ab25729ca20cc81cddb252102f8751e13482a5199e873680952
  languageName: node
  linkType: hard

"table@npm:^6.8.2":
  version: 6.8.2
  resolution: "table@npm:6.8.2"
  dependencies:
    ajv: "npm:^8.0.1"
    lodash.truncate: "npm:^4.4.2"
    slice-ansi: "npm:^4.0.0"
    string-width: "npm:^4.2.3"
    strip-ansi: "npm:^6.0.1"
  checksum: 10c0/f8b348af38ee34e419d8ce7306ba00671ce6f20e861ccff22555f491ba264e8416086063ce278a8d81abfa8d23b736ec2cca7ac4029b5472f63daa4b4688b803
  languageName: node
  linkType: hard

"typescript@npm:5.5.4":
  version: 5.5.4
  resolution: "typescript@npm:5.5.4"
  bin:
    tsc: bin/tsc
    tsserver: bin/tsserver
  checksum: 10c0/422be60f89e661eab29ac488c974b6cc0a660fb2228003b297c3d10c32c90f3bcffc1009b43876a082515a3c376b1eefcce823d6e78982e6878408b9a923199c
  languageName: node
  linkType: hard

"typescript@patch:typescript@npm%3A5.5.4#optional!builtin<compat/typescript>":
  version: 5.5.4
  resolution: "typescript@patch:typescript@npm%3A5.5.4#optional!builtin<compat/typescript>::version=5.5.4&hash=379a07"
  bin:
    tsc: bin/tsc
    tsserver: bin/tsserver
  checksum: 10c0/73409d7b9196a5a1217b3aaad929bf76294d3ce7d6e9766dd880ece296ee91cf7d7db6b16c6c6c630ee5096eccde726c0ef17c7dfa52b01a243e57ae1f09ef07
  languageName: node
  linkType: hard

"undici-types@npm:~6.19.2":
  version: 6.19.6
  resolution: "undici-types@npm:6.19.6"
  checksum: 10c0/9b2264c5700e7169c6c62c643aac56cd8984c5fd7e18ed31ff11780260e137f6340dee8317a2e6e0ae3c49f5e5ef6fa577ea07193cbaa535265cba76a267cae9
  languageName: node
  linkType: hard

"universalify@npm:^2.0.0":
  version: 2.0.1
  resolution: "universalify@npm:2.0.1"
  checksum: 10c0/73e8ee3809041ca8b818efb141801a1004e3fc0002727f1531f4de613ea281b494a40909596dae4a042a4fb6cd385af5d4db2e137b1362e0e91384b828effd3a
  languageName: node
  linkType: hard

"yaml@npm:1.10.2":
  version: 1.10.2
  resolution: "yaml@npm:1.10.2"
  checksum: 10c0/5c28b9eb7adc46544f28d9a8d20c5b3cb1215a886609a2fd41f51628d8aaa5878ccd628b755dbcd29f6bb4921bd04ffbc6dcc370689bb96e594e2f9813d2605f
  languageName: node
  linkType: hard
