github.com/aws/aws-lambda-go v1.47.0 h1:0H8s0vumYx/YKs4sE7YM0ktwL2eWse+kfopsRI1sXVI=
github.com/aws/aws-lambda-go v1.47.0/go.mod h1:dpMpZgvWx5vuQJfBt0zqBha60q7Dd7RfgJv23DymV8A=
github.com/aws/aws-sdk-go-v2 v1.30.3 h1:jUeBtG0Ih+ZIFH0F4UkmL9w3cSpaMv9tYYDbzILP8dY=
github.com/aws/aws-sdk-go-v2 v1.30.3/go.mod h1:nIQjQVp5sfpQcTc9mPSr1B0PaWK5ByX9MOoDadSN4lc=
github.com/aws/aws-sdk-go-v2 v1.30.4 h1:frhcagrVNrzmT95RJImMHgabt99vkXGslubDaDagTk8=
github.com/aws/aws-sdk-go-v2 v1.30.4/go.mod h1:CT+ZPWXbYrci8chcARI3OmI/qgd+f6WtuLOoaIA8PR0=
github.com/aws/aws-sdk-go-v2 v1.38.1 h1:j7sc33amE74Rz0M/PoCpsZQ6OunLqys/m5antM0J+Z8=
github.com/aws/aws-sdk-go-v2 v1.38.1/go.mod h1:9Q0OoGQoboYIAJyslFyF1f5K1Ryddop8gqMhWx/n4Wg=
github.com/aws/aws-sdk-go-v2/aws/protocol/eventstream v1.6.3 h1:tW1/Rkad38LA15X4UQtjXZXNKsCgkshC3EbmcUmghTg=
github.com/aws/aws-sdk-go-v2/aws/protocol/eventstream v1.6.3/go.mod h1:UbnqO+zjqk3uIt9yCACHJ9IVNhyhOCnYk8yA19SAWrM=
github.com/aws/aws-sdk-go-v2/aws/protocol/eventstream v1.6.4 h1:70PVAiL15/aBMh5LThwgXdSQorVr91L127ttckI9QQU=
github.com/aws/aws-sdk-go-v2/aws/protocol/eventstream v1.6.4/go.mod h1:/MQxMqci8tlqDH+pjmoLu1i0tbWCUP1hhyMRuFxpQCw=
github.com/aws/aws-sdk-go-v2/aws/protocol/eventstream v1.7.0 h1:6GMWV6CNpA/6fbFHnoAjrv4+LGfyTqZz2LtCHnspgDg=
github.com/aws/aws-sdk-go-v2/aws/protocol/eventstream v1.7.0/go.mod h1:/mXlTIVG9jbxkqDnr5UQNQxW1HRYxeGklkM9vAFeabg=
github.com/aws/aws-sdk-go-v2/config v1.27.27 h1:HdqgGt1OAP0HkEDDShEl0oSYa9ZZBSOmKpdpsDMdO90=
github.com/aws/aws-sdk-go-v2/config v1.27.27/go.mod h1:MVYamCg76dFNINkZFu4n4RjDixhVr51HLj4ErWzrVwg=
github.com/aws/aws-sdk-go-v2/config v1.27.28 h1:OTxWGW/91C61QlneCtnD62NLb4W616/NM1jA8LhJqbg=
github.com/aws/aws-sdk-go-v2/config v1.27.28/go.mod h1:uzVRVtJSU5EFv6Fu82AoVFKozJi2ZCY6WRCXj06rbvs=
github.com/aws/aws-sdk-go-v2/config v1.31.2 h1:NOaSZpVGEH2Np/c1toSeW0jooNl+9ALmsUTZ8YvkJR0=
github.com/aws/aws-sdk-go-v2/config v1.31.2/go.mod h1:17ft42Yb2lF6OigqSYiDAiUcX4RIkEMY6XxEMJsrAes=
github.com/aws/aws-sdk-go-v2/credentials v1.17.27 h1:2raNba6gr2IfA0eqqiP2XiQ0UVOpGPgDSi0I9iAP+UI=
github.com/aws/aws-sdk-go-v2/credentials v1.17.27/go.mod h1:gniiwbGahQByxan6YjQUMcW4Aov6bLC3m+evgcoN4r4=
github.com/aws/aws-sdk-go-v2/credentials v1.17.28 h1:m8+AHY/ND8CMHJnPoH7PJIRakWGa4gbfbxuY9TGTUXM=
github.com/aws/aws-sdk-go-v2/credentials v1.17.28/go.mod h1:6TF7dSc78ehD1SL6KpRIPKMA1GyyWflIkjqg+qmf4+c=
github.com/aws/aws-sdk-go-v2/credentials v1.18.6 h1:AmmvNEYrru7sYNJnp3pf57lGbiarX4T9qU/6AZ9SucU=
github.com/aws/aws-sdk-go-v2/credentials v1.18.6/go.mod h1:/jdQkh1iVPa01xndfECInp1v1Wnp70v3K4MvtlLGVEc=
github.com/aws/aws-sdk-go-v2/feature/dynamodb/attributevalue v1.14.10 h1:orAIBscNu5aIjDOnKIrjO+IUFPMLKj3Lp0bPf4chiPc=
github.com/aws/aws-sdk-go-v2/feature/dynamodb/attributevalue v1.14.10/go.mod h1:GNjJ8daGhv10hmQYCnmkV8HuY6xXOXV4vzBssSjEIlU=
github.com/aws/aws-sdk-go-v2/feature/dynamodb/attributevalue v1.14.11 h1:KUHQows9JhDp+RJRs9KLN+ljsK5D+oLV13Wr/TwlSr4=
github.com/aws/aws-sdk-go-v2/feature/dynamodb/attributevalue v1.14.11/go.mod h1:4kdmcGnKW4R9l2ddj6hNgKnJoxztjvJNCoI9eikMgvI=
github.com/aws/aws-sdk-go-v2/feature/dynamodb/attributevalue v1.20.6 h1:QR3/KSpHmOhQD1XPn8SVbYdklWPB9TwM9VebUsisRm4=
github.com/aws/aws-sdk-go-v2/feature/dynamodb/attributevalue v1.20.6/go.mod h1:sMmWNSeevbQ/2lFMdm7go2WZuCMaJO4HrGHlCSN60WQ=
github.com/aws/aws-sdk-go-v2/feature/ec2/imds v1.16.11 h1:KreluoV8FZDEtI6Co2xuNk/UqI9iwMrOx/87PBNIKqw=
github.com/aws/aws-sdk-go-v2/feature/ec2/imds v1.16.11/go.mod h1:SeSUYBLsMYFoRvHE0Tjvn7kbxaUhl75CJi1sbfhMxkU=
github.com/aws/aws-sdk-go-v2/feature/ec2/imds v1.16.12 h1:yjwoSyDZF8Jth+mUk5lSPJCkMC0lMy6FaCD51jm6ayE=
github.com/aws/aws-sdk-go-v2/feature/ec2/imds v1.16.12/go.mod h1:fuR57fAgMk7ot3WcNQfb6rSEn+SUffl7ri+aa8uKysI=
github.com/aws/aws-sdk-go-v2/feature/ec2/imds v1.18.4 h1:lpdMwTzmuDLkgW7086jE94HweHCqG+uOJwHf3LZs7T0=
github.com/aws/aws-sdk-go-v2/feature/ec2/imds v1.18.4/go.mod h1:9xzb8/SV62W6gHQGC/8rrvgNXU6ZoYM3sAIJCIrXJxY=
github.com/aws/aws-sdk-go-v2/internal/configsources v1.3.15 h1:SoNJ4RlFEQEbtDcCEt+QG56MY4fm4W8rYirAmq+/DdU=
github.com/aws/aws-sdk-go-v2/internal/configsources v1.3.15/go.mod h1:U9ke74k1n2bf+RIgoX1SXFed1HLs51OgUSs+Ph0KJP8=
github.com/aws/aws-sdk-go-v2/internal/configsources v1.3.16 h1:TNyt/+X43KJ9IJJMjKfa3bNTiZbUP7DeCxfbTROESwY=
github.com/aws/aws-sdk-go-v2/internal/configsources v1.3.16/go.mod h1:2DwJF39FlNAUiX5pAc0UNeiz16lK2t7IaFcm0LFHEgc=
github.com/aws/aws-sdk-go-v2/internal/configsources v1.4.4 h1:IdCLsiiIj5YJ3AFevsewURCPV+YWUlOW8JiPhoAy8vg=
github.com/aws/aws-sdk-go-v2/internal/configsources v1.4.4/go.mod h1:l4bdfCD7XyyZA9BolKBo1eLqgaJxl0/x91PL4Yqe0ao=
github.com/aws/aws-sdk-go-v2/internal/endpoints/v2 v2.6.15 h1:C6WHdGnTDIYETAm5iErQUiVNsclNx9qbJVPIt03B6bI=
github.com/aws/aws-sdk-go-v2/internal/endpoints/v2 v2.6.15/go.mod h1:ZQLZqhcu+JhSrA9/NXRm8SkDvsycE+JkV3WGY41e+IM=
github.com/aws/aws-sdk-go-v2/internal/endpoints/v2 v2.6.16 h1:jYfy8UPmd+6kJW5YhY0L1/KftReOGxI/4NtVSTh9O/I=
github.com/aws/aws-sdk-go-v2/internal/endpoints/v2 v2.6.16/go.mod h1:7ZfEPZxkW42Afq4uQB8H2E2e6ebh6mXTueEpYzjCzcs=
github.com/aws/aws-sdk-go-v2/internal/endpoints/v2 v2.7.4 h1:j7vjtr1YIssWQOMeOWRbh3z8g2oY/xPjnZH2gLY4sGw=
github.com/aws/aws-sdk-go-v2/internal/endpoints/v2 v2.7.4/go.mod h1:yDmJgqOiH4EA8Hndnv4KwAo8jCGTSnM5ASG1nBI+toA=
github.com/aws/aws-sdk-go-v2/internal/ini v1.8.0 h1:hT8rVHwugYE2lEfdFE0QWVo81lF7jMrYJVDWI+f+VxU=
github.com/aws/aws-sdk-go-v2/internal/ini v1.8.0/go.mod h1:8tu/lYfQfFe6IGnaOdrpVgEL2IrrDOf6/m9RQum4NkY=
github.com/aws/aws-sdk-go-v2/internal/ini v1.8.1 h1:VaRN3TlFdd6KxX1x3ILT5ynH6HvKgqdiXoTxAF4HQcQ=
github.com/aws/aws-sdk-go-v2/internal/ini v1.8.1/go.mod h1:FbtygfRFze9usAadmnGJNc8KsP346kEe+y2/oyhGAGc=
github.com/aws/aws-sdk-go-v2/internal/ini v1.8.3 h1:bIqFDwgGXXN1Kpp99pDOdKMTTb5d2KyU5X/BZxjOkRo=
github.com/aws/aws-sdk-go-v2/internal/ini v1.8.3/go.mod h1:H5O/EsxDWyU+LP/V8i5sm8cxoZgc2fdNR9bxlOFrQTo=
github.com/aws/aws-sdk-go-v2/internal/v4a v1.3.15 h1:Z5r7SycxmSllHYmaAZPpmN8GviDrSGhMS6bldqtXZPw=
github.com/aws/aws-sdk-go-v2/internal/v4a v1.3.15/go.mod h1:CetW7bDE00QoGEmPUoZuRog07SGVAUVW6LFpNP0YfIg=
github.com/aws/aws-sdk-go-v2/internal/v4a v1.3.16 h1:mimdLQkIX1zr8GIPY1ZtALdBQGxcASiBd2MOp8m/dMc=
github.com/aws/aws-sdk-go-v2/internal/v4a v1.3.16/go.mod h1:YHk6owoSwrIsok+cAH9PENCOGoH5PU2EllX4vLtSrsY=
github.com/aws/aws-sdk-go-v2/internal/v4a v1.4.4 h1:BE/MNQ86yzTINrfxPPFS86QCBNQeLKY2A0KhDh47+wI=
github.com/aws/aws-sdk-go-v2/internal/v4a v1.4.4/go.mod h1:SPBBhkJxjcrzJBc+qY85e83MQ2q3qdra8fghhkkyrJg=
github.com/aws/aws-sdk-go-v2/service/dynamodb v1.34.4 h1:utG3S4T+X7nONPIpRoi1tVcQdAdJxntiVS2yolPJyXc=
github.com/aws/aws-sdk-go-v2/service/dynamodb v1.34.4/go.mod h1:q9vzW3Xr1KEXa8n4waHiFt1PrppNDlMymlYP+xpsFbY=
github.com/aws/aws-sdk-go-v2/service/dynamodb v1.34.5 h1:Cm77yt+/CV7A6DglkENsWA3H1hq8+4ItJnFKrhxHkvg=
github.com/aws/aws-sdk-go-v2/service/dynamodb v1.34.5/go.mod h1:s2fYaueBuCnwv1XQn6T8TfShxJWusv5tWPMcL+GY6+g=
github.com/aws/aws-sdk-go-v2/service/dynamodb v1.49.1 h1:0RqS5X7EodJzOenoY4V3LUSp9PirELO2ZOpOZbMldco=
github.com/aws/aws-sdk-go-v2/service/dynamodb v1.49.1/go.mod h1:VRp/OeQolnQD9GfNgdSf3kU5vbg708PF6oPHh2bq3hc=
github.com/aws/aws-sdk-go-v2/service/dynamodbstreams v1.22.3 h1:r27/FnxLPixKBRIlslsvhqscBuMK8uysCYG9Kfgm098=
github.com/aws/aws-sdk-go-v2/service/dynamodbstreams v1.22.3/go.mod h1:jqOFyN+QSWSoQC+ppyc4weiO8iNQXbzRbxDjQ1ayYd4=
github.com/aws/aws-sdk-go-v2/service/dynamodbstreams v1.22.4 h1:qOvCqaiLTc0MnIdZr0LbdtJKetiRscHxi+9XjjtlEAs=
github.com/aws/aws-sdk-go-v2/service/dynamodbstreams v1.22.4/go.mod h1:3YxVsEoCNYOLIbdA+cCXSp1fom9hrhyB1DsCiYryCaQ=
github.com/aws/aws-sdk-go-v2/service/dynamodbstreams v1.30.0 h1:SkUalAKtprOV5y77RsO3k76cEBPhacLIo0sGL3MKjuE=
github.com/aws/aws-sdk-go-v2/service/dynamodbstreams v1.30.0/go.mod h1:fuh7P1XXoWryEkCQVxTwoaOQ/GdI3ripI9UFmHaPo0o=
github.com/aws/aws-sdk-go-v2/service/internal/accept-encoding v1.11.3 h1:dT3MqvGhSoaIhRseqw2I0yH81l7wiR2vjs57O51EAm8=
github.com/aws/aws-sdk-go-v2/service/internal/accept-encoding v1.11.3/go.mod h1:GlAeCkHwugxdHaueRr4nhPuY+WW+gR8UjlcqzPr1SPI=
github.com/aws/aws-sdk-go-v2/service/internal/accept-encoding v1.11.4 h1:KypMCbLPPHEmf9DgMGw51jMj77VfGPAN2Kv4cfhlfgI=
github.com/aws/aws-sdk-go-v2/service/internal/accept-encoding v1.11.4/go.mod h1:Vz1JQXliGcQktFTN/LN6uGppAIRoLBR2bMvIMP0gOjc=
github.com/aws/aws-sdk-go-v2/service/internal/accept-encoding v1.13.0 h1:6+lZi2JeGKtCraAj1rpoZfKqnQ9SptseRZioejfUOLM=
github.com/aws/aws-sdk-go-v2/service/internal/accept-encoding v1.13.0/go.mod h1:eb3gfbVIxIoGgJsi9pGne19dhCBpK6opTYpQqAmdy44=
github.com/aws/aws-sdk-go-v2/service/internal/checksum v1.3.17 h1:YPYe6ZmvUfDDDELqEKtAd6bo8zxhkm+XEFEzQisqUIE=
github.com/aws/aws-sdk-go-v2/service/internal/checksum v1.3.17/go.mod h1:oBtcnYua/CgzCWYN7NZ5j7PotFDaFSUjCYVTtfyn7vw=
github.com/aws/aws-sdk-go-v2/service/internal/checksum v1.3.18 h1:GckUnpm4EJOAio1c8o25a+b3lVfwVzC9gnSBqiiNmZM=
github.com/aws/aws-sdk-go-v2/service/internal/checksum v1.3.18/go.mod h1:Br6+bxfG33Dk3ynmkhsW2Z/t9D4+lRqdLDNCKi85w0U=
github.com/aws/aws-sdk-go-v2/service/internal/checksum v1.8.4 h1:Beh9oVgtQnBgR4sKKzkUBRQpf1GnL4wt0l4s8h2VCJ0=
github.com/aws/aws-sdk-go-v2/service/internal/checksum v1.8.4/go.mod h1:b17At0o8inygF+c6FOD3rNyYZufPw62o9XJbSfQPgbo=
github.com/aws/aws-sdk-go-v2/service/internal/endpoint-discovery v1.9.16 h1:lhAX5f7KpgwyieXjbDnRTjPEUI0l3emSRyxXj1PXP8w=
github.com/aws/aws-sdk-go-v2/service/internal/endpoint-discovery v1.9.16/go.mod h1:AblAlCwvi7Q/SFowvckgN+8M3uFPlopSYeLlbNDArhA=
github.com/aws/aws-sdk-go-v2/service/internal/endpoint-discovery v1.9.17 h1:HDJGz1jlV7RokVgTPfx1UHBHANC0N5Uk++xgyYgz5E0=
github.com/aws/aws-sdk-go-v2/service/internal/endpoint-discovery v1.9.17/go.mod h1:5szDu6TWdRDytfDxUQVv2OYfpTQMKApVFyqpm+TcA98=
github.com/aws/aws-sdk-go-v2/service/internal/endpoint-discovery v1.11.4 h1:upi++G3fQCAUBXQe58TbjXmdVPwrqMnRQMThOAIz7KM=
github.com/aws/aws-sdk-go-v2/service/internal/endpoint-discovery v1.11.4/go.mod h1:swb+GqWXTZMOyVV9rVePAUu5L80+X5a+Lui1RNOyUFo=
github.com/aws/aws-sdk-go-v2/service/internal/presigned-url v1.11.17 h1:HGErhhrxZlQ044RiM+WdoZxp0p+EGM62y3L6pwA4olE=
github.com/aws/aws-sdk-go-v2/service/internal/presigned-url v1.11.17/go.mod h1:RkZEx4l0EHYDJpWppMJ3nD9wZJAa8/0lq9aVC+r2UII=
github.com/aws/aws-sdk-go-v2/service/internal/presigned-url v1.11.18 h1:tJ5RnkHCiSH0jyd6gROjlJtNwov0eGYNz8s8nFcR0jQ=
github.com/aws/aws-sdk-go-v2/service/internal/presigned-url v1.11.18/go.mod h1:++NHzT+nAF7ZPrHPsA+ENvsXkOO8wEu+C6RXltAG4/c=
github.com/aws/aws-sdk-go-v2/service/internal/presigned-url v1.13.4 h1:ueB2Te0NacDMnaC+68za9jLwkjzxGWm0KB5HTUHjLTI=
github.com/aws/aws-sdk-go-v2/service/internal/presigned-url v1.13.4/go.mod h1:nLEfLnVMmLvyIG58/6gsSA03F1voKGaCfHV7+lR8S7s=
github.com/aws/aws-sdk-go-v2/service/internal/s3shared v1.17.15 h1:246A4lSTXWJw/rmlQI+TT2OcqeDMKBdyjEQrafMaQdA=
github.com/aws/aws-sdk-go-v2/service/internal/s3shared v1.17.15/go.mod h1:haVfg3761/WF7YPuJOER2MP0k4UAXyHaLclKXB6usDg=
github.com/aws/aws-sdk-go-v2/service/internal/s3shared v1.17.16 h1:jg16PhLPUiHIj8zYIW6bqzeQSuHVEiWnGA0Brz5Xv2I=
github.com/aws/aws-sdk-go-v2/service/internal/s3shared v1.17.16/go.mod h1:Uyk1zE1VVdsHSU7096h/rwnXDzOzYQVl+FNPhPw7ShY=
github.com/aws/aws-sdk-go-v2/service/internal/s3shared v1.19.4 h1:HVSeukL40rHclNcUqVcBwE1YoZhOkoLeBfhUqR3tjIU=
github.com/aws/aws-sdk-go-v2/service/internal/s3shared v1.19.4/go.mod h1:DnbBOv4FlIXHj2/xmrUQYtawRFC9L9ZmQPz+DBc6X5I=
github.com/aws/aws-sdk-go-v2/service/s3 v1.58.2 h1:sZXIzO38GZOU+O0C+INqbH7C2yALwfMWpd64tONS/NE=
github.com/aws/aws-sdk-go-v2/service/s3 v1.58.2/go.mod h1:Lcxzg5rojyVPU/0eFwLtcyTaek/6Mtic5B1gJo7e/zE=
github.com/aws/aws-sdk-go-v2/service/s3 v1.58.3 h1:hT8ZAZRIfqBqHbzKTII+CIiY8G2oC9OpLedkZ51DWl8=
github.com/aws/aws-sdk-go-v2/service/s3 v1.58.3/go.mod h1:Lcxzg5rojyVPU/0eFwLtcyTaek/6Mtic5B1gJo7e/zE=
github.com/aws/aws-sdk-go-v2/service/s3 v1.59.0 h1:Cso4Ev/XauMVsbwdhYEoxg8rxZWw43CFqqaPB5w3W2c=
github.com/aws/aws-sdk-go-v2/service/s3 v1.59.0/go.mod h1:BSPI0EfnYUuNHPS0uqIo5VrRwzie+Fp+YhQOUs16sKI=
github.com/aws/aws-sdk-go-v2/service/s3 v1.87.1 h1:2n6Pd67eJwAb/5KCX62/8RTU0aFAAW7V5XIGSghiHrw=
github.com/aws/aws-sdk-go-v2/service/s3 v1.87.1/go.mod h1:w5PC+6GHLkvMJKasYGVloB3TduOtROEMqm15HSuIbw4=
github.com/aws/aws-sdk-go-v2/service/sqs v1.34.3 h1:Vjqy5BZCOIsn4Pj8xzyqgGmsSqzz7y/WXbN3RgOoVrc=
github.com/aws/aws-sdk-go-v2/service/sqs v1.34.3/go.mod h1:L0enV3GCRd5iG9B64W35C4/hwsCB00Ib+DKVGTadKHI=
github.com/aws/aws-sdk-go-v2/service/sqs v1.34.4 h1:FXPO72iKC5YmYNEANltl763bUj8A6qT20wx8Jwvxlsw=
github.com/aws/aws-sdk-go-v2/service/sqs v1.34.4/go.mod h1:7idt3XszF6sE9WPS1GqZRiDJOxw4oPtlRBXodWnCGjU=
github.com/aws/aws-sdk-go-v2/service/sqs v1.42.0 h1:dbxXhQu0wVhmGY8qnSXUEFZ4ZfQFTjBDEadxsmgtdS8=
github.com/aws/aws-sdk-go-v2/service/sqs v1.42.0/go.mod h1:0k5UwPsBKX/vDEEP8T5YDW/cBjiOw6BwRsRtA3BMNoM=
github.com/aws/aws-sdk-go-v2/service/ssm v1.52.4 h1:hgSBvRT7JEWx2+vEGI9/Ld5rZtl7M5lu8PqdvOmbRHw=
github.com/aws/aws-sdk-go-v2/service/ssm v1.52.4/go.mod h1:v7NIzEFIHBiicOMaMTuEmbnzGnqW0d+6ulNALul6fYE=
github.com/aws/aws-sdk-go-v2/service/ssm v1.52.5 h1:eY1n+pyBbgqRBRnpVUg0QguAGMWVLQp2n+SfjjOJuQI=
github.com/aws/aws-sdk-go-v2/service/ssm v1.52.5/go.mod h1:Bw2YSeqq/I4VyVs9JSfdT9ArqyAbQkJEwj13AVm0heg=
github.com/aws/aws-sdk-go-v2/service/ssm v1.63.2 h1:ciD+LnRj2i9+TwNdbk24Rz1eTrrzVS82FaEZK8B7zyk=
github.com/aws/aws-sdk-go-v2/service/ssm v1.63.2/go.mod h1:NMCzIcmGKoLNNkZ3/8SZzmp1+jvcU32vyUk5j7BwWI4=
github.com/aws/aws-sdk-go-v2/service/sso v1.22.4 h1:BXx0ZIxvrJdSgSvKTZ+yRBeSqqgPM89VPlulEcl37tM=
github.com/aws/aws-sdk-go-v2/service/sso v1.22.4/go.mod h1:ooyCOXjvJEsUw7x+ZDHeISPMhtwI3ZCB7ggFMcFfWLU=
github.com/aws/aws-sdk-go-v2/service/sso v1.22.5 h1:zCsFCKvbj25i7p1u94imVoO447I/sFv8qq+lGJhRN0c=
github.com/aws/aws-sdk-go-v2/service/sso v1.22.5/go.mod h1:ZeDX1SnKsVlejeuz41GiajjZpRSWR7/42q/EyA/QEiM=
github.com/aws/aws-sdk-go-v2/service/sso v1.28.2 h1:ve9dYBB8CfJGTFqcQ3ZLAAb/KXWgYlgu/2R2TZL2Ko0=
github.com/aws/aws-sdk-go-v2/service/sso v1.28.2/go.mod h1:n9bTZFZcBa9hGGqVz3i/a6+NG0zmZgtkB9qVVFDqPA8=
github.com/aws/aws-sdk-go-v2/service/ssooidc v1.26.4 h1:yiwVzJW2ZxZTurVbYWA7QOrAaCYQR72t0wrSBfoesUE=
github.com/aws/aws-sdk-go-v2/service/ssooidc v1.26.4/go.mod h1:0oxfLkpz3rQ/CHlx5hB7H69YUpFiI1tql6Q6Ne+1bCw=
github.com/aws/aws-sdk-go-v2/service/ssooidc v1.26.5 h1:SKvPgvdvmiTWoi0GAJ7AsJfOz3ngVkD/ERbs5pUnHNI=
github.com/aws/aws-sdk-go-v2/service/ssooidc v1.26.5/go.mod h1:20sz31hv/WsPa3HhU3hfrIet2kxM4Pe0r20eBZ20Tac=
github.com/aws/aws-sdk-go-v2/service/ssooidc v1.33.2 h1:pd9G9HQaM6UZAZh19pYOkpKSQkyQQ9ftnl/LttQOcGI=
github.com/aws/aws-sdk-go-v2/service/ssooidc v1.33.2/go.mod h1:eknndR9rU8UpE/OmFpqU78V1EcXPKFTTm5l/buZYgvM=
github.com/aws/aws-sdk-go-v2/service/sts v1.30.3 h1:ZsDKRLXGWHk8WdtyYMoGNO7bTudrvuKpDKgMVRlepGE=
github.com/aws/aws-sdk-go-v2/service/sts v1.30.3/go.mod h1:zwySh8fpFyXp9yOr/KVzxOl8SRqgf/IDw5aUt9UKFcQ=
github.com/aws/aws-sdk-go-v2/service/sts v1.30.4 h1:iAckBT2OeEK/kBDyN/jDtpEExhjeeA/Im2q4X0rJZT8=
github.com/aws/aws-sdk-go-v2/service/sts v1.30.4/go.mod h1:vmSqFK+BVIwVpDAGZB3CoCXHzurt4qBE8lf+I/kRTh0=
github.com/aws/aws-sdk-go-v2/service/sts v1.38.0 h1:iV1Ko4Em/lkJIsoKyGfc0nQySi+v0Udxr6Igq+y9JZc=
github.com/aws/aws-sdk-go-v2/service/sts v1.38.0/go.mod h1:bEPcjW7IbolPfK67G1nilqWyoxYMSPrDiIQ3RdIdKgo=
github.com/aws/smithy-go v1.20.3 h1:ryHwveWzPV5BIof6fyDvor6V3iUL7nTfiTKXHiW05nE=
github.com/aws/smithy-go v1.20.3/go.mod h1:krry+ya/rV9RDcV/Q16kpu6ypI4K2czasz0NC3qS14E=
github.com/aws/smithy-go v1.20.4 h1:2HK1zBdPgRbjFOHlfeQZfpC4r72MOb9bZkiFwggKO+4=
github.com/aws/smithy-go v1.20.4/go.mod h1:irrKGvNn1InZwb2d7fkIRNucdfwR8R+Ts3wxYa/cJHg=
github.com/aws/smithy-go v1.22.5 h1:P9ATCXPMb2mPjYBgueqJNCA5S9UfktsW0tTxi+a7eqw=
github.com/aws/smithy-go v1.22.5/go.mod h1:t1ufH5HMublsJYulve2RKmHDC15xu1f26kHCp/HgceI=
github.com/davecgh/go-spew v1.1.0/go.mod h1:J7Y8YcW2NihsgmVo/mv3lAwl/skON4iLHjSsI+c5H38=
github.com/davecgh/go-spew v1.1.1 h1:vj9j/u1bqnvCEfJOwUhtlOARqs3+rkHYY13jYWTU97c=
github.com/davecgh/go-spew v1.1.1/go.mod h1:J7Y8YcW2NihsgmVo/mv3lAwl/skON4iLHjSsI+c5H38=
github.com/jmespath/go-jmespath v0.4.0 h1:BEgLn5cpjn8UN1mAw4NjwDrS35OdebyEtFe+9YPoQUg=
github.com/jmespath/go-jmespath v0.4.0/go.mod h1:T8mJZnbsbmF+m6zOOFylbeCJqk5+pHWvzYPziyZiYoo=
github.com/jmespath/go-jmespath/internal/testify v1.5.1 h1:shLQSRRSCCPj3f2gpwzGwWFoC7ycTf1rcQZHOlsJ6N8=
github.com/jmespath/go-jmespath/internal/testify v1.5.1/go.mod h1:L3OGu8Wl2/fWfCI6z80xFu9LTZmf1ZRjMHUOPmWr69U=
github.com/pmezard/go-difflib v1.0.0 h1:4DBwDE0NGyQoBHbLQYPwSUPoCMWR5BEzIk/f1lZbAQM=
github.com/pmezard/go-difflib v1.0.0/go.mod h1:iKH77koFhYxTK1pcRnkKkqfTogsbg7gZNVY4sRDYZ/4=
github.com/stretchr/objx v0.1.0/go.mod h1:HFkY916IF+rwdDfMAkV7OtwuqBVzrE8GR6GFx+wExME=
github.com/stretchr/testify v1.7.2 h1:4jaiDzPyXQvSd7D0EjG45355tLlV3VOECpq10pLC+8s=
github.com/stretchr/testify v1.7.2/go.mod h1:R6va5+xMeoiuVRoj+gSkQ7d3FALtqAAGI1FQKckRals=
gopkg.in/check.v1 v0.0.0-20161208181325-20d25e280405/go.mod h1:Co6ibVJAznAaIkqp8huTwlJQCZ016jof/cbN4VW5Yz0=
gopkg.in/yaml.v2 v2.2.8 h1:obN1ZagJSUGI0Ek/LBmuj4SNLPfIny3KsKFopxRdj10=
gopkg.in/yaml.v2 v2.2.8/go.mod h1:hI93XBmqTisBFMUTm0b8Fm+jr3Dg1NNxqwp+5A1VGuI=
gopkg.in/yaml.v3 v3.0.1 h1:fxVm/GzAzEWqLHuvctI91KS9hhNmmWOoWu0XTYJS7CA=
gopkg.in/yaml.v3 v3.0.1/go.mod h1:K4uyk7z7BCEPqu6E+C64Yfv1cQ7kz7rIZviUmN+EgEM=
